Microsoft Visual Studio Solution File, Format Version 12.00
# Visual Studio Version 17
VisualStudioVersion = 17.5.2.0
MinimumVisualStudioVersion = 10.0.40219.1
Project("{FAE04EC0-301F-11D3-BF4B-00C04F79EFBC}") = "Unimicro to-do list", "Unimicro to-do list.csproj", "{C6585E32-947B-0B6F-424C-9EF3707993A1}"
EndProject
Global
	GlobalSection(SolutionConfigurationPlatforms) = preSolution
		Debug|Any CPU = Debug|Any CPU
		Release|Any CPU = Release|Any CPU
	EndGlobalSection
	GlobalSection(ProjectConfigurationPlatforms) = postSolution
		{C6585E32-947B-0B6F-424C-9EF3707993A1}.Debug|Any CPU.ActiveCfg = Debug|Any CPU
		{C6585E32-947B-0B6F-424C-9EF3707993A1}.Debug|Any CPU.Build.0 = Debug|Any CPU
		{C6585E32-947B-0B6F-424C-9EF3707993A1}.Release|Any CPU.ActiveCfg = Release|Any CPU
		{C6585E32-947B-0B6F-424C-9EF3707993A1}.Release|Any CPU.Build.0 = Release|Any CPU
	EndGlobalSection
	GlobalSection(SolutionProperties) = preSolution
		HideSolutionNode = FALSE
	EndGlobalSection
	GlobalSection(ExtensibilityGlobals) = postSolution
		SolutionGuid = {F3B793AE-460E-4962-B2DA-A6662ADCD00A}
	EndGlobalSection
EndGlobal
